{
  "version": 4,
  "terraform_version": "1.2.5",
  "serial": 13,
  "lineage": "2ff29c2b-01e5-f920-e148-fc7d6efa388f",
  "outputs": {
    "public_ip_address": {
      "value": "20.25.137.33",
      "type": "string"
    },
    "resource_group_name": {
      "value": "rg-choice-stork",
      "type": "string"
    },
    "tls_private_key": {
      "value": "-----BEGIN RSA PRIVATE KEY-----\nMIIJKQIBAAKCAgEAuYeH77GzPXznXOBFo5XyZmYj/mQUXEqnmEWa9ED0F6iMfQRW\n4YRbzKhwTduA9H6M2zI6reIRLbkHGO+mQOf/v8nMiDzJTN3tf/oHWgxmDa4X6cAh\nSZVpYI+De2+zHbP/yQA+hPCCAAAjYbuENunwe9LtlYgdgL9NQIfEk1JKc/7pfs7Q\n6Ujb+mQmYSOIGAH0QmD/Irsps9l53vG7HG/dpFRezhZKo3EaZYpshMGD62gO7f1p\nBMoUEFSr8Egt6mVNhneZgLQVHFP+ydu19Yb5N4FRhHPyGuFqW2BtjyoHqCil1He3\nLv3s+CY+MWMsh+nSbqoaLgMH+d5ZscOIJwi3kUDAmapbPpnb76RSyiZal6JPcTew\nzVfEjGQG7wN6PbR1n10HrHYM4rYTnw5pZPc4p9/9LaBotUuPeVOe6fdJfMg1GSy6\nmGG3LixZO0hAkDv1aPbjFVRe/67jxwUkcOGdlJrlQ+hwdug+b6sjqi9UsKaa/fzJ\nNfcQPsAgm7xuSBEDFTQJFadNaBfV4W4FEt3tFEh18MI4ej3v8LQ7ZDKWgniBBOuG\nd+rflegVWdzVF2FVHqNE3/Pu0/Dwj2H1CHATLGAI0z8j4AinsLgSZSIdAgG9Zk1C\n0tnUjRca/6YYrYvfaVRhPp+OF9VyS1WWR6eYBIsvZcgQ8nV6DkI/Ww2yLw0CAwEA\nAQKCAgAzLtCxr7RjIjIxzS1pE9TrqwIDDFkRnQbfW1SETecJH9aiJrBRRtKMg2t4\nDzZkPQVe81x83AEhPApZNsQG4/oKTwG+FAb0zcTXqYKdtQ3yeDTgp8CHLFEF8pGz\nW/1uFFpceVTGGBPFLESWkcTH4YIWpvokZoi9HAmT4+C3Q9yGY6zG7wdzVEZbrYVp\nBwRkmyVnqpq4WioHE9grSUT1c2cSDrSY5k1xCaLeoHGPrlNWfj6gKWjviVA/sRw+\nDaudHpVko1oVx5iLWCDST2rDcZkPVv3GLLZ98/IDg3a2KEI0ggI9u0kuDZ9yVhqS\nRWnjlP4YyZSvXOa2aEEWaXsGScFaONlDrFitAs5w3T5BjIiu7zTEbVAlGr1Cq3dU\niCPoeu+6qpw7TM5scfzAeYsRn/ALjTHyiKVNPLYRmn0N7f9S2RT7HaTHmg9A1EMl\ngz+ulRBnaI4rg1cnD/7xlV02fWQ4PgydLvjj89jmJoA1uzqSfigpg37pn2ebqkiv\nlbhvSYxQajxY+v4T+j7QrlzKuPwBCu2ZyO7OtmNgzUlF4CKtoJuanbr8NCjfhJdI\nouWej7Nwz0mFM4FjQP8mjSdZlsUSJrs11ChmoOObXoiBwVccZhRAm5dz8bOHVGY4\nCk8VgBi8yElox8cjl20LeuYx1ZvNp52e+MtxKe+UWFgZJan5gQKCAQEA36qEKWD+\nyTScU1ZGgbPf3jEKkiMrCGPp1zI5/hqIjsQJGKm5HXuwyGw0k7skFie+GBI3Z9T4\nO9Y6oYPTvmfIygnm3sWH60m+9GsuA8QqMQISR+JfIMepA8VPpyKtyeTCqd8ZWv6v\n/hG3PRFnSP2ATcXe71Au8OIaaDn47jZB9kJGL2OIkiUd6cg9uhtr7mW4y/2/PxI8\nL5slnBErIzAOk7VZYzKAeKTdvC6aGzpJ5YlyHWhehphDaAQDK1nKn9v8SuNCEJR5\nQMrEeEsrTZrar8nj3nAu0vEbtSxmEzJJLk1jg7/V3yVJk0bF6Y2lzi5GdSxd4uYZ\n9D2Nps0TwHJ2/wKCAQEA1FmlDmVGOO4u5zNbKiuKHjuTBVGQfDNcpkoPMeJq2wr+\nj0HGXIHioWdEjnQZTckpQO4jJ3maJPjtz1l+uy+ftgPxs3Pbd3aRmqYY9R7O3hu2\n1wXdX4D9TpojtbLBW07xLE+ir5E50jSCERiodUna0IageTDMmTFiKhOUVDjb8Dlr\nBHdKJZhyKUGXSFZ+TTmCWrujX6+mMd6o4EqTF+NQDXGSQOLHNBVJbNMUHWGxFvP+\nCrL7zjUqjd/BDS1/FgL0j0s5EDpLAp7myBsLeYlvZwLR9CVWaurKh8zlAc7VbMYs\nUFD4I92LOGtd49qwaGYSUE0+2w1A3hxbV048dYfF8wKCAQAfJFnUfRncoAOoItoc\nUxQ3lrJ3GIh0WZ0EhozGkaEz552wnmkU7tT1gwNrEmJ65zuzlE28mk2Z30E4nedM\nmpy9bNWFbRF4tELvO0Ej6xtIyZYMBjvij4o76SwnBFAYTU7BYjvgjJeqk4Lk8Nhl\ntE46BfP9dDek+IZevrunR0y14hJtpLkuSBa7J1NY51qGzgkF9iW7vWk946c/7LAJ\n7TYKYPS6OBzlL2dkPUTdx6bkW9fUumR27xprkCt0zMLGsVWWg7/+GP4tBE6IxUaZ\nPpd2ZHDi1tHeMw39ktn/kD/aP5I8lOhNcp6k7/S8iSlt5MmQpQXJgupYNH3VnLZE\nVGu3AoIBAQCQn9ltm4YfIgFpz61oZCz2eEaimbGZFXYlf00oAXgbZTqIoRiTSpbq\nrKWhi+rr8nSZV1cz/HsCcVOuI9rPbBkPY1JLkT3I+EUkmblnwKrN1PxLKCBkejqL\nPSnTB0LviC1zq202u+cwhjiLokqhT0KrQPWsdJL0RxD/bURZtDv/OWvsp74lKtWd\nyaFaUCZHPELOvvr/IWdEkcxcrg3OeC++aDpe3NUlYNYYOw55EF8HLfg4mzwqbkVk\nSR93dSQX/r1Hlsjvh3Qs/cJaSSkghn0MIHyUFpXrzatQoDjcaV0sbzAhJ3RJIQs/\nysgwdnItOE+Cx4lmsXkbjR6csJk2xtkHAoIBAQDdB6uhyPFdgisH0E3kU06WfLZq\ns5a5ALhnnn8yzhXyTRx8AFdU6XpYZGQMjNXVRSop6Ad4n8Rzs+C1a9Oey+3O62HL\njTSYZgar5Qfh+876GjsAmAyU/7LwilnDEXRgdktjyzgs9TiJa/mwf60EYc4BhD9t\ntCFb3plUPbwW4fwsDg9wS6pcEXuWu8LTtd6Gd3DcwiwbdEyRoeOo2o6MCc/5wOtc\nlqPy6ig4AtNc53JUJTVz6+mtCbXSNgADZjLEVtapfkDlD01zx5jcA/gZXcSog4dG\nCjaAwi9V6DZ2f7CihjfI1uWgnDln51XQ1yzOR5JXKpUWrkCq48UofQxFtf5Y\n-----END RSA PRIVATE KEY-----\n",
      "type": "string",
      "sensitive": true
    }
  },
  "resources": [
    {
      "mode": "managed",
      "type": "azurerm_linux_virtual_machine",
      "name": "myterraformvm",
      "provider": "provider[\"registry.terraform.io/hashicorp/azurerm\"]",
      "instances": [
        {
          "schema_version": 0,
          "attributes": {
            "additional_capabilities": [],
            "admin_password": null,
            "admin_ssh_key": [
              {
                "public_key": "ssh-rsa AAAAB3NzaC1yc2EAAAADAQABAAACAQC5h4fvsbM9fOdc4EWjlfJmZiP+ZBRcSqeYRZr0QPQXqIx9BFbhhFvMqHBN24D0fozbMjqt4hEtuQcY76ZA5/+/ycyIPMlM3e1/+gdaDGYNrhfpwCFJlWlgj4N7b7Mds//JAD6E8IIAACNhu4Q26fB70u2ViB2Av01Ah8STUkpz/ul+ztDpSNv6ZCZhI4gYAfRCYP8iuymz2Xne8bscb92kVF7OFkqjcRplimyEwYPraA7t/WkEyhQQVKvwSC3qZU2Gd5mAtBUcU/7J27X1hvk3gVGEc/Ia4WpbYG2PKgeoKKXUd7cu/ez4Jj4xYyyH6dJuqhouAwf53lmxw4gnCLeRQMCZqls+mdvvpFLKJlqXok9xN7DNV8SMZAbvA3o9tHWfXQesdgzithOfDmlk9zin3/0toGi1S495U57p90l8yDUZLLqYYbcuLFk7SECQO/Vo9uMVVF7/ruPHBSRw4Z2UmuVD6HB26D5vqyOqL1Swppr9/Mk19xA+wCCbvG5IEQMVNAkVp01oF9XhbgUS3e0USHXwwjh6Pe/wtDtkMpaCeIEE64Z36t+V6BVZ3NUXYVUeo0Tf8+7T8PCPYfUIcBMsYAjTPyPgCKewuBJlIh0CAb1mTULS2dSNFxr/phiti99pVGE+n44X1XJLVZZHp5gEiy9lyBDydXoOQj9bDbIvDQ==\n",
                "username": "azureuser"
              }
            ],
            "admin_username": "azureuser",
            "allow_extension_operations": true,
            "availability_set_id": "",
            "boot_diagnostics": [
              {
                "storage_account_uri": "https://diag2e383131b0b4e560.blob.core.windows.net/"
              }
            ],
            "computer_name": "myvm",
            "custom_data": null,
            "dedicated_host_group_id": "",
            "dedicated_host_id": "",
            "disable_password_authentication": true,
            "encryption_at_host_enabled": false,
            "eviction_policy": "",
            "extensions_time_budget": "PT1H30M",
            "id": "/subscriptions/63064e2b-01a0-4302-82a5-2e08166d6c91/resourceGroups/rg-choice-stork/providers/Microsoft.Compute/virtualMachines/prathap",
            "identity": [],
            "license_type": "",
            "location": "westus3",
            "max_bid_price": -1,
            "name": "prathap",
            "network_interface_ids": [
              "/subscriptions/63064e2b-01a0-4302-82a5-2e08166d6c91/resourceGroups/rg-choice-stork/providers/Microsoft.Network/networkInterfaces/myNIC"
            ],
            "os_disk": [
              {
                "caching": "ReadWrite",
                "diff_disk_settings": [],
                "disk_encryption_set_id": "",
                "disk_size_gb": 30,
                "name": "myOsDisk",
                "storage_account_type": "Premium_LRS",
                "write_accelerator_enabled": false
              }
            ],
            "patch_mode": "ImageDefault",
            "plan": [],
            "platform_fault_domain": -1,
            "priority": "Regular",
            "private_ip_address": "10.0.1.4",
            "private_ip_addresses": [
              "10.0.1.4"
            ],
            "provision_vm_agent": true,
            "proximity_placement_group_id": "",
            "public_ip_address": "20.25.137.33",
            "public_ip_addresses": [
              "20.25.137.33"
            ],
            "resource_group_name": "rg-choice-stork",
            "secret": [],
            "secure_boot_enabled": false,
            "size": "Standard_B1s",
            "source_image_id": "",
            "source_image_reference": [
              {
                "offer": "UbuntuServer",
                "publisher": "Canonical",
                "sku": "18.04-LTS",
                "version": "latest"
              }
            ],
            "tags": null,
            "timeouts": null,
            "user_data": "",
            "virtual_machine_id": "4d1df078-5ef4-43af-a666-769e828cc6f6",
            "virtual_machine_scale_set_id": "",
            "vtpm_enabled": false,
            "zone": ""
          },
          "sensitive_attributes": [],
          "private": "eyJlMmJmYjczMC1lY2FhLTExZTYtOGY4OC0zNDM2M2JjN2M0YzAiOnsiY3JlYXRlIjoyNzAwMDAwMDAwMDAwLCJkZWxldGUiOjI3MDAwMDAwMDAwMDAsInJlYWQiOjMwMDAwMDAwMDAwMCwidXBkYXRlIjoyNzAwMDAwMDAwMDAwfX0=",
          "dependencies": [
            "azurerm_network_interface.myterraformnic",
            "azurerm_public_ip.myterraformpublicip",
            "azurerm_resource_group.rg",
            "azurerm_storage_account.mystorageaccount",
            "azurerm_subnet.myterraformsubnet",
            "azurerm_virtual_network.myterraformnetwork",
            "random_id.randomId",
            "random_pet.rg-name",
            "tls_private_key.example_ssh"
          ]
        }
      ]
    },
    {
      "mode": "managed",
      "type": "azurerm_network_interface",
      "name": "myterraformnic",
      "provider": "provider[\"registry.terraform.io/hashicorp/azurerm\"]",
      "instances": [
        {
          "schema_version": 0,
          "attributes": {
            "applied_dns_servers": [],
            "dns_servers": [],
            "enable_accelerated_networking": false,
            "enable_ip_forwarding": false,
            "id": "/subscriptions/63064e2b-01a0-4302-82a5-2e08166d6c91/resourceGroups/rg-choice-stork/providers/Microsoft.Network/networkInterfaces/myNIC",
            "internal_dns_name_label": "",
            "internal_domain_name_suffix": "jqtuqu1jllvuzpmua40upy0jhe.phxx.internal.cloudapp.net",
            "ip_configuration": [
              {
                "gateway_load_balancer_frontend_ip_configuration_id": "",
                "name": "myNicConfiguration",
                "primary": true,
                "private_ip_address": "10.0.1.4",
                "private_ip_address_allocation": "Dynamic",
                "private_ip_address_version": "IPv4",
                "public_ip_address_id": "/subscriptions/63064e2b-01a0-4302-82a5-2e08166d6c91/resourceGroups/rg-choice-stork/providers/Microsoft.Network/publicIPAddresses/myPublicIP",
                "subnet_id": "/subscriptions/63064e2b-01a0-4302-82a5-2e08166d6c91/resourceGroups/rg-choice-stork/providers/Microsoft.Network/virtualNetworks/myVnet/subnets/mySubnet"
              }
            ],
            "location": "westus3",
            "mac_address": "",
            "name": "myNIC",
            "private_ip_address": "10.0.1.4",
            "private_ip_addresses": [
              "10.0.1.4"
            ],
            "resource_group_name": "rg-choice-stork",
            "tags": null,
            "timeouts": null,
            "virtual_machine_id": ""
          },
          "sensitive_attributes": [],
          "private": "eyJlMmJmYjczMC1lY2FhLTExZTYtOGY4OC0zNDM2M2JjN2M0YzAiOnsiY3JlYXRlIjoxODAwMDAwMDAwMDAwLCJkZWxldGUiOjE4MDAwMDAwMDAwMDAsInJlYWQiOjMwMDAwMDAwMDAwMCwidXBkYXRlIjoxODAwMDAwMDAwMDAwfX0=",
          "dependencies": [
            "azurerm_public_ip.myterraformpublicip",
            "azurerm_resource_group.rg",
            "azurerm_subnet.myterraformsubnet",
            "azurerm_virtual_network.myterraformnetwork",
            "random_pet.rg-name"
          ]
        }
      ]
    },
    {
      "mode": "managed",
      "type": "azurerm_network_interface_security_group_association",
      "name": "example",
      "provider": "provider[\"registry.terraform.io/hashicorp/azurerm\"]",
      "instances": [
        {
          "schema_version": 0,
          "attributes": {
            "id": "/subscriptions/63064e2b-01a0-4302-82a5-2e08166d6c91/resourceGroups/rg-choice-stork/providers/Microsoft.Network/networkInterfaces/myNIC|/subscriptions/63064e2b-01a0-4302-82a5-2e08166d6c91/resourceGroups/rg-choice-stork/providers/Microsoft.Network/networkSecurityGroups/myNetworkSecurityGroup",
            "network_interface_id": "/subscriptions/63064e2b-01a0-4302-82a5-2e08166d6c91/resourceGroups/rg-choice-stork/providers/Microsoft.Network/networkInterfaces/myNIC",
            "network_security_group_id": "/subscriptions/63064e2b-01a0-4302-82a5-2e08166d6c91/resourceGroups/rg-choice-stork/providers/Microsoft.Network/networkSecurityGroups/myNetworkSecurityGroup",
            "timeouts": null
          },
          "sensitive_attributes": [],
          "private": "eyJlMmJmYjczMC1lY2FhLTExZTYtOGY4OC0zNDM2M2JjN2M0YzAiOnsiY3JlYXRlIjoxODAwMDAwMDAwMDAwLCJkZWxldGUiOjE4MDAwMDAwMDAwMDAsInJlYWQiOjMwMDAwMDAwMDAwMCwidXBkYXRlIjoxODAwMDAwMDAwMDAwfX0=",
          "dependencies": [
            "azurerm_network_interface.myterraformnic",
            "azurerm_network_security_group.myterraformnsg",
            "azurerm_public_ip.myterraformpublicip",
            "azurerm_resource_group.rg",
            "azurerm_subnet.myterraformsubnet",
            "azurerm_virtual_network.myterraformnetwork",
            "random_pet.rg-name"
          ]
        }
      ]
    },
    {
      "mode": "managed",
      "type": "azurerm_network_security_group",
      "name": "myterraformnsg",
      "provider": "provider[\"registry.terraform.io/hashicorp/azurerm\"]",
      "instances": [
        {
          "schema_version": 0,
          "attributes": {
            "id": "/subscriptions/63064e2b-01a0-4302-82a5-2e08166d6c91/resourceGroups/rg-choice-stork/providers/Microsoft.Network/networkSecurityGroups/myNetworkSecurityGroup",
            "location": "westus3",
            "name": "myNetworkSecurityGroup",
            "resource_group_name": "rg-choice-stork",
            "security_rule": [
              {
                "access": "Allow",
                "description": "",
                "destination_address_prefix": "*",
                "destination_address_prefixes": [],
                "destination_application_security_group_ids": [],
                "destination_port_range": "22",
                "destination_port_ranges": [],
                "direction": "Inbound",
                "name": "SSH",
                "priority": 1001,
                "protocol": "Tcp",
                "source_address_prefix": "*",
                "source_address_prefixes": [],
                "source_application_security_group_ids": [],
                "source_port_range": "*",
                "source_port_ranges": []
              }
            ],
            "tags": null,
            "timeouts": null
          },
          "sensitive_attributes": [],
          "private": "eyJlMmJmYjczMC1lY2FhLTExZTYtOGY4OC0zNDM2M2JjN2M0YzAiOnsiY3JlYXRlIjoxODAwMDAwMDAwMDAwLCJkZWxldGUiOjE4MDAwMDAwMDAwMDAsInJlYWQiOjMwMDAwMDAwMDAwMCwidXBkYXRlIjoxODAwMDAwMDAwMDAwfX0=",
          "dependencies": [
            "azurerm_resource_group.rg",
            "random_pet.rg-name"
          ]
        }
      ]
    },
    {
      "mode": "managed",
      "type": "azurerm_public_ip",
      "name": "myterraformpublicip",
      "provider": "provider[\"registry.terraform.io/hashicorp/azurerm\"]",
      "instances": [
        {
          "schema_version": 0,
          "attributes": {
            "allocation_method": "Dynamic",
            "availability_zone": "No-Zone",
            "domain_name_label": null,
            "fqdn": null,
            "id": "/subscriptions/63064e2b-01a0-4302-82a5-2e08166d6c91/resourceGroups/rg-choice-stork/providers/Microsoft.Network/publicIPAddresses/myPublicIP",
            "idle_timeout_in_minutes": 4,
            "ip_address": "",
            "ip_tags": null,
            "ip_version": "IPv4",
            "location": "westus3",
            "name": "myPublicIP",
            "public_ip_prefix_id": null,
            "resource_group_name": "rg-choice-stork",
            "reverse_fqdn": null,
            "sku": "Basic",
            "sku_tier": "Regional",
            "tags": null,
            "timeouts": null,
            "zones": []
          },
          "sensitive_attributes": [],
          "private": "eyJlMmJmYjczMC1lY2FhLTExZTYtOGY4OC0zNDM2M2JjN2M0YzAiOnsiY3JlYXRlIjoxODAwMDAwMDAwMDAwLCJkZWxldGUiOjE4MDAwMDAwMDAwMDAsInJlYWQiOjMwMDAwMDAwMDAwMCwidXBkYXRlIjoxODAwMDAwMDAwMDAwfX0=",
          "dependencies": [
            "azurerm_resource_group.rg",
            "random_pet.rg-name"
          ]
        }
      ]
    },
    {
      "mode": "managed",
      "type": "azurerm_resource_group",
      "name": "rg",
      "provider": "provider[\"registry.terraform.io/hashicorp/azurerm\"]",
      "instances": [
        {
          "schema_version": 0,
          "attributes": {
            "id": "/subscriptions/63064e2b-01a0-4302-82a5-2e08166d6c91/resourceGroups/rg-choice-stork",
            "location": "westus3",
            "name": "rg-choice-stork",
            "tags": null,
            "timeouts": null
          },
          "sensitive_attributes": [],
          "private": "eyJlMmJmYjczMC1lY2FhLTExZTYtOGY4OC0zNDM2M2JjN2M0YzAiOnsiY3JlYXRlIjo1NDAwMDAwMDAwMDAwLCJkZWxldGUiOjU0MDAwMDAwMDAwMDAsInJlYWQiOjMwMDAwMDAwMDAwMCwidXBkYXRlIjo1NDAwMDAwMDAwMDAwfX0=",
          "dependencies": [
            "random_pet.rg-name"
          ]
        }
      ]
    },
    {
      "mode": "managed",
      "type": "azurerm_storage_account",
      "name": "mystorageaccount",
      "provider": "provider[\"registry.terraform.io/hashicorp/azurerm\"]",
      "instances": [
        {
          "schema_version": 2,
          "attributes": {
            "access_tier": "Hot",
            "account_kind": "StorageV2",
            "account_replication_type": "LRS",
            "account_tier": "Standard",
            "allow_blob_public_access": false,
            "azure_files_authentication": [],
            "blob_properties": [
              {
                "change_feed_enabled": false,
                "container_delete_retention_policy": [],
                "cors_rule": [],
                "default_service_version": "",
                "delete_retention_policy": [],
                "last_access_time_enabled": false,
                "versioning_enabled": false
              }
            ],
            "custom_domain": [],
            "customer_managed_key": [],
            "enable_https_traffic_only": true,
            "id": "/subscriptions/63064e2b-01a0-4302-82a5-2e08166d6c91/resourceGroups/rg-choice-stork/providers/Microsoft.Storage/storageAccounts/diag2e383131b0b4e560",
            "identity": [],
            "infrastructure_encryption_enabled": false,
            "is_hns_enabled": false,
            "large_file_share_enabled": null,
            "location": "westus3",
            "min_tls_version": "TLS1_0",
            "name": "diag2e383131b0b4e560",
            "network_rules": [
              {
                "bypass": [
                  "AzureServices"
                ],
                "default_action": "Allow",
                "ip_rules": [],
                "private_link_access": [],
                "virtual_network_subnet_ids": []
              }
            ],
            "nfsv3_enabled": false,
            "primary_access_key": "IO8hh/dCP01aZdO+3+nUwD877N4PqS/64nmeoXVhzILm61sl2Ars27oY15osNB4OJs7eNU0t/g4z+AStkIjY2w==",
            "primary_blob_connection_string": "DefaultEndpointsProtocol=https;BlobEndpoint=https://diag2e383131b0b4e560.blob.core.windows.net/;AccountName=diag2e383131b0b4e560;AccountKey=IO8hh/dCP01aZdO+3+nUwD877N4PqS/64nmeoXVhzILm61sl2Ars27oY15osNB4OJs7eNU0t/g4z+AStkIjY2w==",
            "primary_blob_endpoint": "https://diag2e383131b0b4e560.blob.core.windows.net/",
            "primary_blob_host": "diag2e383131b0b4e560.blob.core.windows.net",
            "primary_connection_string": "DefaultEndpointsProtocol=https;AccountName=diag2e383131b0b4e560;AccountKey=IO8hh/dCP01aZdO+3+nUwD877N4PqS/64nmeoXVhzILm61sl2Ars27oY15osNB4OJs7eNU0t/g4z+AStkIjY2w==;EndpointSuffix=core.windows.net",
            "primary_dfs_endpoint": "https://diag2e383131b0b4e560.dfs.core.windows.net/",
            "primary_dfs_host": "diag2e383131b0b4e560.dfs.core.windows.net",
            "primary_file_endpoint": "https://diag2e383131b0b4e560.file.core.windows.net/",
            "primary_file_host": "diag2e383131b0b4e560.file.core.windows.net",
            "primary_location": "westus3",
            "primary_queue_endpoint": "https://diag2e383131b0b4e560.queue.core.windows.net/",
            "primary_queue_host": "diag2e383131b0b4e560.queue.core.windows.net",
            "primary_table_endpoint": "https://diag2e383131b0b4e560.table.core.windows.net/",
            "primary_table_host": "diag2e383131b0b4e560.table.core.windows.net",
            "primary_web_endpoint": "https://diag2e383131b0b4e560.z1.web.core.windows.net/",
            "primary_web_host": "diag2e383131b0b4e560.z1.web.core.windows.net",
            "queue_encryption_key_type": "Service",
            "queue_properties": [
              {
                "cors_rule": [],
                "hour_metrics": [
                  {
                    "enabled": true,
                    "include_apis": true,
                    "retention_policy_days": 7,
                    "version": "1.0"
                  }
                ],
                "logging": [
                  {
                    "delete": false,
                    "read": false,
                    "retention_policy_days": 0,
                    "version": "1.0",
                    "write": false
                  }
                ],
                "minute_metrics": [
                  {
                    "enabled": false,
                    "include_apis": false,
                    "retention_policy_days": 0,
                    "version": "1.0"
                  }
                ]
              }
            ],
            "resource_group_name": "rg-choice-stork",
            "routing": [],
            "secondary_access_key": "kGnolP/fmcQWJaReH5yx4TJpQ4Lb8YQd7nxQ3HJF8AynxEFkUom+fe0kuPeCV+hOoDjohg7hs6l7+AStRokmzw==",
            "secondary_blob_connection_string": "",
            "secondary_blob_endpoint": null,
            "secondary_blob_host": null,
            "secondary_connection_string": "DefaultEndpointsProtocol=https;AccountName=diag2e383131b0b4e560;AccountKey=kGnolP/fmcQWJaReH5yx4TJpQ4Lb8YQd7nxQ3HJF8AynxEFkUom+fe0kuPeCV+hOoDjohg7hs6l7+AStRokmzw==;EndpointSuffix=core.windows.net",
            "secondary_dfs_endpoint": null,
            "secondary_dfs_host": null,
            "secondary_file_endpoint": null,
            "secondary_file_host": null,
            "secondary_location": "",
            "secondary_queue_endpoint": null,
            "secondary_queue_host": null,
            "secondary_table_endpoint": null,
            "secondary_table_host": null,
            "secondary_web_endpoint": null,
            "secondary_web_host": null,
            "share_properties": [
              {
                "cors_rule": [],
                "retention_policy": [
                  {
                    "days": 7
                  }
                ],
                "smb": []
              }
            ],
            "shared_access_key_enabled": true,
            "static_website": [],
            "table_encryption_key_type": "Service",
            "tags": null,
            "timeouts": null
          },
          "sensitive_attributes": [],
          "private": "eyJlMmJmYjczMC1lY2FhLTExZTYtOGY4OC0zNDM2M2JjN2M0YzAiOnsiY3JlYXRlIjozNjAwMDAwMDAwMDAwLCJkZWxldGUiOjM2MDAwMDAwMDAwMDAsInJlYWQiOjMwMDAwMDAwMDAwMCwidXBkYXRlIjozNjAwMDAwMDAwMDAwfSwic2NoZW1hX3ZlcnNpb24iOiIyIn0=",
          "dependencies": [
            "azurerm_resource_group.rg",
            "random_id.randomId",
            "random_pet.rg-name"
          ]
        }
      ]
    },
    {
      "mode": "managed",
      "type": "azurerm_subnet",
      "name": "myterraformsubnet",
      "provider": "provider[\"registry.terraform.io/hashicorp/azurerm\"]",
      "instances": [
        {
          "schema_version": 0,
          "attributes": {
            "address_prefix": "10.0.1.0/24",
            "address_prefixes": [
              "10.0.1.0/24"
            ],
            "delegation": [],
            "enforce_private_link_endpoint_network_policies": false,
            "enforce_private_link_service_network_policies": false,
            "id": "/subscriptions/63064e2b-01a0-4302-82a5-2e08166d6c91/resourceGroups/rg-choice-stork/providers/Microsoft.Network/virtualNetworks/myVnet/subnets/mySubnet",
            "name": "mySubnet",
            "resource_group_name": "rg-choice-stork",
            "service_endpoint_policy_ids": null,
            "service_endpoints": null,
            "timeouts": null,
            "virtual_network_name": "myVnet"
          },
          "sensitive_attributes": [],
          "private": "eyJlMmJmYjczMC1lY2FhLTExZTYtOGY4OC0zNDM2M2JjN2M0YzAiOnsiY3JlYXRlIjoxODAwMDAwMDAwMDAwLCJkZWxldGUiOjE4MDAwMDAwMDAwMDAsInJlYWQiOjMwMDAwMDAwMDAwMCwidXBkYXRlIjoxODAwMDAwMDAwMDAwfX0=",
          "dependencies": [
            "azurerm_resource_group.rg",
            "azurerm_virtual_network.myterraformnetwork",
            "random_pet.rg-name"
          ]
        }
      ]
    },
    {
      "mode": "managed",
      "type": "azurerm_virtual_network",
      "name": "myterraformnetwork",
      "provider": "provider[\"registry.terraform.io/hashicorp/azurerm\"]",
      "instances": [
        {
          "schema_version": 0,
          "attributes": {
            "address_space": [
              "10.0.0.0/16"
            ],
            "bgp_community": "",
            "ddos_protection_plan": [],
            "dns_servers": [],
            "flow_timeout_in_minutes": 0,
            "guid": "5348274c-5a69-4ceb-bd94-07b547e3493c",
            "id": "/subscriptions/63064e2b-01a0-4302-82a5-2e08166d6c91/resourceGroups/rg-choice-stork/providers/Microsoft.Network/virtualNetworks/myVnet",
            "location": "westus3",
            "name": "myVnet",
            "resource_group_name": "rg-choice-stork",
            "subnet": [],
            "tags": null,
            "timeouts": null,
            "vm_protection_enabled": false
          },
          "sensitive_attributes": [],
          "private": "eyJlMmJmYjczMC1lY2FhLTExZTYtOGY4OC0zNDM2M2JjN2M0YzAiOnsiY3JlYXRlIjoxODAwMDAwMDAwMDAwLCJkZWxldGUiOjE4MDAwMDAwMDAwMDAsInJlYWQiOjMwMDAwMDAwMDAwMCwidXBkYXRlIjoxODAwMDAwMDAwMDAwfX0=",
          "dependencies": [
            "azurerm_resource_group.rg",
            "random_pet.rg-name"
          ]
        }
      ]
    },
    {
      "mode": "managed",
      "type": "random_id",
      "name": "randomId",
      "provider": "provider[\"registry.terraform.io/hashicorp/random\"]",
      "instances": [
        {
          "schema_version": 0,
          "attributes": {
            "b64_std": "LjgxMbC05WA=",
            "b64_url": "LjgxMbC05WA",
            "byte_length": 8,
            "dec": "3330466013928285536",
            "hex": "2e383131b0b4e560",
            "id": "LjgxMbC05WA",
            "keepers": {
              "resource_group": "rg-choice-stork"
            },
            "prefix": null
          },
          "sensitive_attributes": [],
          "private": "bnVsbA==",
          "dependencies": [
            "azurerm_resource_group.rg",
            "random_pet.rg-name"
          ]
        }
      ]
    },
    {
      "mode": "managed",
      "type": "random_pet",
      "name": "rg-name",
      "provider": "provider[\"registry.terraform.io/hashicorp/random\"]",
      "instances": [
        {
          "schema_version": 0,
          "attributes": {
            "id": "rg-choice-stork",
            "keepers": null,
            "length": 2,
            "prefix": "rg",
            "separator": "-"
          },
          "sensitive_attributes": [],
          "private": "bnVsbA=="
        }
      ]
    },
    {
      "mode": "managed",
      "type": "tls_private_key",
      "name": "example_ssh",
      "provider": "provider[\"registry.terraform.io/hashicorp/tls\"]",
      "instances": [
        {
          "schema_version": 1,
          "attributes": {
            "algorithm": "RSA",
            "ecdsa_curve": "P224",
            "id": "8bd7409c663a61a24411ebb0504ea7da3d30e6b3",
            "private_key_openssh": "-----BEGIN OPENSSH PRIVATE KEY-----\nb3BlbnNzaC1rZXktdjEAAAAABG5vbmUAAAAEbm9uZQAAAAAAAAABAAACFwAAAAdz\nc2gtcnNhAAAAAwEAAQAAAgEAuYeH77GzPXznXOBFo5XyZmYj/mQUXEqnmEWa9ED0\nF6iMfQRW4YRbzKhwTduA9H6M2zI6reIRLbkHGO+mQOf/v8nMiDzJTN3tf/oHWgxm\nDa4X6cAhSZVpYI+De2+zHbP/yQA+hPCCAAAjYbuENunwe9LtlYgdgL9NQIfEk1JK\nc/7pfs7Q6Ujb+mQmYSOIGAH0QmD/Irsps9l53vG7HG/dpFRezhZKo3EaZYpshMGD\n62gO7f1pBMoUEFSr8Egt6mVNhneZgLQVHFP+ydu19Yb5N4FRhHPyGuFqW2BtjyoH\nqCil1He3Lv3s+CY+MWMsh+nSbqoaLgMH+d5ZscOIJwi3kUDAmapbPpnb76RSyiZa\nl6JPcTewzVfEjGQG7wN6PbR1n10HrHYM4rYTnw5pZPc4p9/9LaBotUuPeVOe6fdJ\nfMg1GSy6mGG3LixZO0hAkDv1aPbjFVRe/67jxwUkcOGdlJrlQ+hwdug+b6sjqi9U\nsKaa/fzJNfcQPsAgm7xuSBEDFTQJFadNaBfV4W4FEt3tFEh18MI4ej3v8LQ7ZDKW\ngniBBOuGd+rflegVWdzVF2FVHqNE3/Pu0/Dwj2H1CHATLGAI0z8j4AinsLgSZSId\nAgG9Zk1C0tnUjRca/6YYrYvfaVRhPp+OF9VyS1WWR6eYBIsvZcgQ8nV6DkI/Ww2y\nLw0AAAc4n39V0Z9/VdEAAAAHc3NoLXJzYQAAAgEAuYeH77GzPXznXOBFo5XyZmYj\n/mQUXEqnmEWa9ED0F6iMfQRW4YRbzKhwTduA9H6M2zI6reIRLbkHGO+mQOf/v8nM\niDzJTN3tf/oHWgxmDa4X6cAhSZVpYI+De2+zHbP/yQA+hPCCAAAjYbuENunwe9Lt\nlYgdgL9NQIfEk1JKc/7pfs7Q6Ujb+mQmYSOIGAH0QmD/Irsps9l53vG7HG/dpFRe\nzhZKo3EaZYpshMGD62gO7f1pBMoUEFSr8Egt6mVNhneZgLQVHFP+ydu19Yb5N4FR\nhHPyGuFqW2BtjyoHqCil1He3Lv3s+CY+MWMsh+nSbqoaLgMH+d5ZscOIJwi3kUDA\nmapbPpnb76RSyiZal6JPcTewzVfEjGQG7wN6PbR1n10HrHYM4rYTnw5pZPc4p9/9\nLaBotUuPeVOe6fdJfMg1GSy6mGG3LixZO0hAkDv1aPbjFVRe/67jxwUkcOGdlJrl\nQ+hwdug+b6sjqi9UsKaa/fzJNfcQPsAgm7xuSBEDFTQJFadNaBfV4W4FEt3tFEh1\n8MI4ej3v8LQ7ZDKWgniBBOuGd+rflegVWdzVF2FVHqNE3/Pu0/Dwj2H1CHATLGAI\n0z8j4AinsLgSZSIdAgG9Zk1C0tnUjRca/6YYrYvfaVRhPp+OF9VyS1WWR6eYBIsv\nZcgQ8nV6DkI/Ww2yLw0AAAADAQABAAACADMu0LGvtGMiMjHNLWkT1OurAgMMWRGd\nBt9bVIRN5wkf1qImsFFG0oyDa3gPNmQ9BV7zXHzcASE8Clk2xAbj+gpPAb4UBvTN\nxNepgp21DfJ4NOCnwIcsUQXykbNb/W4UWlx5VMYYE8UsRJaRxMfhgham+iRmiL0c\nCZPj4LdD3IZjrMbvB3NURluthWkHBGSbJWeqmrhaKgcT2CtJRPVzZxIOtJjmTXEJ\not6gcY+uU1Z+PqApaO+JUD+xHD4Nq50elWSjWhXHmItYINJPasNxmQ9W/cYstn3z\n8gODdrYoQjSCAj27SS4Nn3JWGpJFaeOU/hjJlK9c5rZoQRZpewZJwVo42UOsWK0C\nznDdPkGMiK7vNMRtUCUavUKrd1SII+h677qqnDtMzmxx/MB5ixGf8AuNMfKIpU08\nthGafQ3t/1LZFPsdpMeaD0DUQyWDP66VEGdojiuDVycP/vGVXTZ9ZDg+DJ0u+OPz\n2OYmgDW7OpJ+KCmDfumfZ5uqSK+VuG9JjFBqPFj6/hP6PtCuXMq4/AEK7ZnI7s62\nY2DNSUXgIq2gm5qduvw0KN+El0ii5Z6Ps3DPSYUzgWNA/yaNJ1mWxRImuzXUKGag\n45teiIHBVxxmFECbl3Pxs4dUZjgKTxWAGLzISWjHxyOXbQt65jHVm82nnZ74y3Ep\n75RYWBklqfmBAAABAQDdB6uhyPFdgisH0E3kU06WfLZqs5a5ALhnnn8yzhXyTRx8\nAFdU6XpYZGQMjNXVRSop6Ad4n8Rzs+C1a9Oey+3O62HLjTSYZgar5Qfh+876GjsA\nmAyU/7LwilnDEXRgdktjyzgs9TiJa/mwf60EYc4BhD9ttCFb3plUPbwW4fwsDg9w\nS6pcEXuWu8LTtd6Gd3DcwiwbdEyRoeOo2o6MCc/5wOtclqPy6ig4AtNc53JUJTVz\n6+mtCbXSNgADZjLEVtapfkDlD01zx5jcA/gZXcSog4dGCjaAwi9V6DZ2f7CihjfI\n1uWgnDln51XQ1yzOR5JXKpUWrkCq48UofQxFtf5YAAABAQDfqoQpYP7JNJxTVkaB\ns9/eMQqSIysIY+nXMjn+GoiOxAkYqbkde7DIbDSTuyQWJ74YEjdn1Pg71jqhg9O+\nZ8jKCebexYfrSb70ay4DxCoxAhJH4l8gx6kDxU+nIq3J5MKp3xla/q/+Ebc9EWdI\n/YBNxd7vUC7w4hpoOfjuNkH2QkYvY4iSJR3pyD26G2vuZbjL/b8/EjwvmyWcESsj\nMA6TtVljMoB4pN28LpobOknliXIdaF6GmENoBAMrWcqf2/xK40IQlHlAysR4SytN\nmtqvyePecC7S8Ru1LGYTMkkuTWODv9XfJUmTRsXpjaXOLkZ1LF3i5hn0PY2mzRPA\ncnb/AAABAQDUWaUOZUY47i7nM1sqK4oeO5MFUZB8M1ymSg8x4mrbCv6PQcZcgeKh\nZ0SOdBlNySlA7iMneZok+O3PWX67L5+2A/Gzc9t3dpGaphj1Hs7eG7bXBd1fgP1O\nmiO1ssFbTvEsT6KvkTnSNIIRGKh1SdrQhqB5MMyZMWIqE5RUONvwOWsEd0olmHIp\nQZdIVn5NOYJau6Nfr6Yx3qjgSpMX41ANcZJA4sc0FUls0xQdYbEW8/4KsvvONSqN\n38ENLX8WAvSPSzkQOksCnubIGwt5iW9nAtH0JVZq6sqHzOUBztVsxixQUPgj3Ys4\na13j2rBoZhJQTT7bDUDeHFtXTjx1h8XzAAAAAAEC\n-----END OPENSSH PRIVATE KEY-----\n",
            "private_key_pem": "-----BEGIN RSA PRIVATE KEY-----\nMIIJKQIBAAKCAgEAuYeH77GzPXznXOBFo5XyZmYj/mQUXEqnmEWa9ED0F6iMfQRW\n4YRbzKhwTduA9H6M2zI6reIRLbkHGO+mQOf/v8nMiDzJTN3tf/oHWgxmDa4X6cAh\nSZVpYI+De2+zHbP/yQA+hPCCAAAjYbuENunwe9LtlYgdgL9NQIfEk1JKc/7pfs7Q\n6Ujb+mQmYSOIGAH0QmD/Irsps9l53vG7HG/dpFRezhZKo3EaZYpshMGD62gO7f1p\nBMoUEFSr8Egt6mVNhneZgLQVHFP+ydu19Yb5N4FRhHPyGuFqW2BtjyoHqCil1He3\nLv3s+CY+MWMsh+nSbqoaLgMH+d5ZscOIJwi3kUDAmapbPpnb76RSyiZal6JPcTew\nzVfEjGQG7wN6PbR1n10HrHYM4rYTnw5pZPc4p9/9LaBotUuPeVOe6fdJfMg1GSy6\nmGG3LixZO0hAkDv1aPbjFVRe/67jxwUkcOGdlJrlQ+hwdug+b6sjqi9UsKaa/fzJ\nNfcQPsAgm7xuSBEDFTQJFadNaBfV4W4FEt3tFEh18MI4ej3v8LQ7ZDKWgniBBOuG\nd+rflegVWdzVF2FVHqNE3/Pu0/Dwj2H1CHATLGAI0z8j4AinsLgSZSIdAgG9Zk1C\n0tnUjRca/6YYrYvfaVRhPp+OF9VyS1WWR6eYBIsvZcgQ8nV6DkI/Ww2yLw0CAwEA\nAQKCAgAzLtCxr7RjIjIxzS1pE9TrqwIDDFkRnQbfW1SETecJH9aiJrBRRtKMg2t4\nDzZkPQVe81x83AEhPApZNsQG4/oKTwG+FAb0zcTXqYKdtQ3yeDTgp8CHLFEF8pGz\nW/1uFFpceVTGGBPFLESWkcTH4YIWpvokZoi9HAmT4+C3Q9yGY6zG7wdzVEZbrYVp\nBwRkmyVnqpq4WioHE9grSUT1c2cSDrSY5k1xCaLeoHGPrlNWfj6gKWjviVA/sRw+\nDaudHpVko1oVx5iLWCDST2rDcZkPVv3GLLZ98/IDg3a2KEI0ggI9u0kuDZ9yVhqS\nRWnjlP4YyZSvXOa2aEEWaXsGScFaONlDrFitAs5w3T5BjIiu7zTEbVAlGr1Cq3dU\niCPoeu+6qpw7TM5scfzAeYsRn/ALjTHyiKVNPLYRmn0N7f9S2RT7HaTHmg9A1EMl\ngz+ulRBnaI4rg1cnD/7xlV02fWQ4PgydLvjj89jmJoA1uzqSfigpg37pn2ebqkiv\nlbhvSYxQajxY+v4T+j7QrlzKuPwBCu2ZyO7OtmNgzUlF4CKtoJuanbr8NCjfhJdI\nouWej7Nwz0mFM4FjQP8mjSdZlsUSJrs11ChmoOObXoiBwVccZhRAm5dz8bOHVGY4\nCk8VgBi8yElox8cjl20LeuYx1ZvNp52e+MtxKe+UWFgZJan5gQKCAQEA36qEKWD+\nyTScU1ZGgbPf3jEKkiMrCGPp1zI5/hqIjsQJGKm5HXuwyGw0k7skFie+GBI3Z9T4\nO9Y6oYPTvmfIygnm3sWH60m+9GsuA8QqMQISR+JfIMepA8VPpyKtyeTCqd8ZWv6v\n/hG3PRFnSP2ATcXe71Au8OIaaDn47jZB9kJGL2OIkiUd6cg9uhtr7mW4y/2/PxI8\nL5slnBErIzAOk7VZYzKAeKTdvC6aGzpJ5YlyHWhehphDaAQDK1nKn9v8SuNCEJR5\nQMrEeEsrTZrar8nj3nAu0vEbtSxmEzJJLk1jg7/V3yVJk0bF6Y2lzi5GdSxd4uYZ\n9D2Nps0TwHJ2/wKCAQEA1FmlDmVGOO4u5zNbKiuKHjuTBVGQfDNcpkoPMeJq2wr+\nj0HGXIHioWdEjnQZTckpQO4jJ3maJPjtz1l+uy+ftgPxs3Pbd3aRmqYY9R7O3hu2\n1wXdX4D9TpojtbLBW07xLE+ir5E50jSCERiodUna0IageTDMmTFiKhOUVDjb8Dlr\nBHdKJZhyKUGXSFZ+TTmCWrujX6+mMd6o4EqTF+NQDXGSQOLHNBVJbNMUHWGxFvP+\nCrL7zjUqjd/BDS1/FgL0j0s5EDpLAp7myBsLeYlvZwLR9CVWaurKh8zlAc7VbMYs\nUFD4I92LOGtd49qwaGYSUE0+2w1A3hxbV048dYfF8wKCAQAfJFnUfRncoAOoItoc\nUxQ3lrJ3GIh0WZ0EhozGkaEz552wnmkU7tT1gwNrEmJ65zuzlE28mk2Z30E4nedM\nmpy9bNWFbRF4tELvO0Ej6xtIyZYMBjvij4o76SwnBFAYTU7BYjvgjJeqk4Lk8Nhl\ntE46BfP9dDek+IZevrunR0y14hJtpLkuSBa7J1NY51qGzgkF9iW7vWk946c/7LAJ\n7TYKYPS6OBzlL2dkPUTdx6bkW9fUumR27xprkCt0zMLGsVWWg7/+GP4tBE6IxUaZ\nPpd2ZHDi1tHeMw39ktn/kD/aP5I8lOhNcp6k7/S8iSlt5MmQpQXJgupYNH3VnLZE\nVGu3AoIBAQCQn9ltm4YfIgFpz61oZCz2eEaimbGZFXYlf00oAXgbZTqIoRiTSpbq\nrKWhi+rr8nSZV1cz/HsCcVOuI9rPbBkPY1JLkT3I+EUkmblnwKrN1PxLKCBkejqL\nPSnTB0LviC1zq202u+cwhjiLokqhT0KrQPWsdJL0RxD/bURZtDv/OWvsp74lKtWd\nyaFaUCZHPELOvvr/IWdEkcxcrg3OeC++aDpe3NUlYNYYOw55EF8HLfg4mzwqbkVk\nSR93dSQX/r1Hlsjvh3Qs/cJaSSkghn0MIHyUFpXrzatQoDjcaV0sbzAhJ3RJIQs/\nysgwdnItOE+Cx4lmsXkbjR6csJk2xtkHAoIBAQDdB6uhyPFdgisH0E3kU06WfLZq\ns5a5ALhnnn8yzhXyTRx8AFdU6XpYZGQMjNXVRSop6Ad4n8Rzs+C1a9Oey+3O62HL\njTSYZgar5Qfh+876GjsAmAyU/7LwilnDEXRgdktjyzgs9TiJa/mwf60EYc4BhD9t\ntCFb3plUPbwW4fwsDg9wS6pcEXuWu8LTtd6Gd3DcwiwbdEyRoeOo2o6MCc/5wOtc\nlqPy6ig4AtNc53JUJTVz6+mtCbXSNgADZjLEVtapfkDlD01zx5jcA/gZXcSog4dG\nCjaAwi9V6DZ2f7CihjfI1uWgnDln51XQ1yzOR5JXKpUWrkCq48UofQxFtf5Y\n-----END RSA PRIVATE KEY-----\n",
            "private_key_pem_pkcs8": "-----BEGIN PRIVATE KEY-----\nMIIJQwIBADANBgkqhkiG9w0BAQEFAASCCS0wggkpAgEAAoICAQC5h4fvsbM9fOdc\n4EWjlfJmZiP+ZBRcSqeYRZr0QPQXqIx9BFbhhFvMqHBN24D0fozbMjqt4hEtuQcY\n76ZA5/+/ycyIPMlM3e1/+gdaDGYNrhfpwCFJlWlgj4N7b7Mds//JAD6E8IIAACNh\nu4Q26fB70u2ViB2Av01Ah8STUkpz/ul+ztDpSNv6ZCZhI4gYAfRCYP8iuymz2Xne\n8bscb92kVF7OFkqjcRplimyEwYPraA7t/WkEyhQQVKvwSC3qZU2Gd5mAtBUcU/7J\n27X1hvk3gVGEc/Ia4WpbYG2PKgeoKKXUd7cu/ez4Jj4xYyyH6dJuqhouAwf53lmx\nw4gnCLeRQMCZqls+mdvvpFLKJlqXok9xN7DNV8SMZAbvA3o9tHWfXQesdgzithOf\nDmlk9zin3/0toGi1S495U57p90l8yDUZLLqYYbcuLFk7SECQO/Vo9uMVVF7/ruPH\nBSRw4Z2UmuVD6HB26D5vqyOqL1Swppr9/Mk19xA+wCCbvG5IEQMVNAkVp01oF9Xh\nbgUS3e0USHXwwjh6Pe/wtDtkMpaCeIEE64Z36t+V6BVZ3NUXYVUeo0Tf8+7T8PCP\nYfUIcBMsYAjTPyPgCKewuBJlIh0CAb1mTULS2dSNFxr/phiti99pVGE+n44X1XJL\nVZZHp5gEiy9lyBDydXoOQj9bDbIvDQIDAQABAoICADMu0LGvtGMiMjHNLWkT1Our\nAgMMWRGdBt9bVIRN5wkf1qImsFFG0oyDa3gPNmQ9BV7zXHzcASE8Clk2xAbj+gpP\nAb4UBvTNxNepgp21DfJ4NOCnwIcsUQXykbNb/W4UWlx5VMYYE8UsRJaRxMfhgham\n+iRmiL0cCZPj4LdD3IZjrMbvB3NURluthWkHBGSbJWeqmrhaKgcT2CtJRPVzZxIO\ntJjmTXEJot6gcY+uU1Z+PqApaO+JUD+xHD4Nq50elWSjWhXHmItYINJPasNxmQ9W\n/cYstn3z8gODdrYoQjSCAj27SS4Nn3JWGpJFaeOU/hjJlK9c5rZoQRZpewZJwVo4\n2UOsWK0CznDdPkGMiK7vNMRtUCUavUKrd1SII+h677qqnDtMzmxx/MB5ixGf8AuN\nMfKIpU08thGafQ3t/1LZFPsdpMeaD0DUQyWDP66VEGdojiuDVycP/vGVXTZ9ZDg+\nDJ0u+OPz2OYmgDW7OpJ+KCmDfumfZ5uqSK+VuG9JjFBqPFj6/hP6PtCuXMq4/AEK\n7ZnI7s62Y2DNSUXgIq2gm5qduvw0KN+El0ii5Z6Ps3DPSYUzgWNA/yaNJ1mWxRIm\nuzXUKGag45teiIHBVxxmFECbl3Pxs4dUZjgKTxWAGLzISWjHxyOXbQt65jHVm82n\nnZ74y3Ep75RYWBklqfmBAoIBAQDfqoQpYP7JNJxTVkaBs9/eMQqSIysIY+nXMjn+\nGoiOxAkYqbkde7DIbDSTuyQWJ74YEjdn1Pg71jqhg9O+Z8jKCebexYfrSb70ay4D\nxCoxAhJH4l8gx6kDxU+nIq3J5MKp3xla/q/+Ebc9EWdI/YBNxd7vUC7w4hpoOfju\nNkH2QkYvY4iSJR3pyD26G2vuZbjL/b8/EjwvmyWcESsjMA6TtVljMoB4pN28Lpob\nOknliXIdaF6GmENoBAMrWcqf2/xK40IQlHlAysR4SytNmtqvyePecC7S8Ru1LGYT\nMkkuTWODv9XfJUmTRsXpjaXOLkZ1LF3i5hn0PY2mzRPAcnb/AoIBAQDUWaUOZUY4\n7i7nM1sqK4oeO5MFUZB8M1ymSg8x4mrbCv6PQcZcgeKhZ0SOdBlNySlA7iMneZok\n+O3PWX67L5+2A/Gzc9t3dpGaphj1Hs7eG7bXBd1fgP1OmiO1ssFbTvEsT6KvkTnS\nNIIRGKh1SdrQhqB5MMyZMWIqE5RUONvwOWsEd0olmHIpQZdIVn5NOYJau6Nfr6Yx\n3qjgSpMX41ANcZJA4sc0FUls0xQdYbEW8/4KsvvONSqN38ENLX8WAvSPSzkQOksC\nnubIGwt5iW9nAtH0JVZq6sqHzOUBztVsxixQUPgj3Ys4a13j2rBoZhJQTT7bDUDe\nHFtXTjx1h8XzAoIBAB8kWdR9GdygA6gi2hxTFDeWsncYiHRZnQSGjMaRoTPnnbCe\naRTu1PWDA2sSYnrnO7OUTbyaTZnfQTid50yanL1s1YVtEXi0Qu87QSPrG0jJlgwG\nO+KPijvpLCcEUBhNTsFiO+CMl6qTguTw2GW0TjoF8/10N6T4hl6+u6dHTLXiEm2k\nuS5IFrsnU1jnWobOCQX2Jbu9aT3jpz/ssAntNgpg9Lo4HOUvZ2Q9RN3HpuRb19S6\nZHbvGmuQK3TMwsaxVZaDv/4Y/i0ETojFRpk+l3ZkcOLW0d4zDf2S2f+QP9o/kjyU\n6E1ynqTv9LyJKW3kyZClBcmC6lg0fdWctkRUa7cCggEBAJCf2W2bhh8iAWnPrWhk\nLPZ4RqKZsZkVdiV/TSgBeBtlOoihGJNKluqspaGL6uvydJlXVzP8ewJxU64j2s9s\nGQ9jUkuRPcj4RSSZuWfAqs3U/EsoIGR6Oos9KdMHQu+ILXOrbTa75zCGOIuiSqFP\nQqtA9ax0kvRHEP9tRFm0O/85a+ynviUq1Z3JoVpQJkc8Qs6++v8hZ0SRzFyuDc54\nL75oOl7c1SVg1hg7DnkQXwct+DibPCpuRWRJH3d1JBf+vUeWyO+HdCz9wlpJKSCG\nfQwgfJQWlevNq1CgONxpXSxvMCEndEkhCz/KyDB2ci04T4LHiWaxeRuNHpywmTbG\n2QcCggEBAN0Hq6HI8V2CKwfQTeRTTpZ8tmqzlrkAuGeefzLOFfJNHHwAV1Tpelhk\nZAyM1dVFKinoB3ifxHOz4LVr057L7c7rYcuNNJhmBqvlB+H7zvoaOwCYDJT/svCK\nWcMRdGB2S2PLOCz1OIlr+bB/rQRhzgGEP220IVvemVQ9vBbh/CwOD3BLqlwRe5a7\nwtO13oZ3cNzCLBt0TJGh46jajowJz/nA61yWo/LqKDgC01znclQlNXPr6a0JtdI2\nAANmMsRW1ql+QOUPTXPHmNwD+BldxKiDh0YKNoDCL1XoNnZ/sKKGN8jW5aCcOWfn\nVdDXLM5HklcqlRauQKrjxSh9DEW1/lg=\n-----END PRIVATE KEY-----\n",
            "public_key_fingerprint_md5": "fe:0f:c3:69:0d:f6:0d:16:c4:a8:93:27:ec:ff:2d:7a",
            "public_key_fingerprint_sha256": "SHA256:BBQkA49uHNQRWCqJAsVTJ+wVHdusmzCi2Q7SjMjpC0Y",
            "public_key_openssh": "ssh-rsa AAAAB3NzaC1yc2EAAAADAQABAAACAQC5h4fvsbM9fOdc4EWjlfJmZiP+ZBRcSqeYRZr0QPQXqIx9BFbhhFvMqHBN24D0fozbMjqt4hEtuQcY76ZA5/+/ycyIPMlM3e1/+gdaDGYNrhfpwCFJlWlgj4N7b7Mds//JAD6E8IIAACNhu4Q26fB70u2ViB2Av01Ah8STUkpz/ul+ztDpSNv6ZCZhI4gYAfRCYP8iuymz2Xne8bscb92kVF7OFkqjcRplimyEwYPraA7t/WkEyhQQVKvwSC3qZU2Gd5mAtBUcU/7J27X1hvk3gVGEc/Ia4WpbYG2PKgeoKKXUd7cu/ez4Jj4xYyyH6dJuqhouAwf53lmxw4gnCLeRQMCZqls+mdvvpFLKJlqXok9xN7DNV8SMZAbvA3o9tHWfXQesdgzithOfDmlk9zin3/0toGi1S495U57p90l8yDUZLLqYYbcuLFk7SECQO/Vo9uMVVF7/ruPHBSRw4Z2UmuVD6HB26D5vqyOqL1Swppr9/Mk19xA+wCCbvG5IEQMVNAkVp01oF9XhbgUS3e0USHXwwjh6Pe/wtDtkMpaCeIEE64Z36t+V6BVZ3NUXYVUeo0Tf8+7T8PCPYfUIcBMsYAjTPyPgCKewuBJlIh0CAb1mTULS2dSNFxr/phiti99pVGE+n44X1XJLVZZHp5gEiy9lyBDydXoOQj9bDbIvDQ==\n",
            "public_key_pem": "-----BEGIN PUBLIC KEY-----\nMIICIjANBgkqhkiG9w0BAQEFAAOCAg8AMIICCgKCAgEAuYeH77GzPXznXOBFo5Xy\nZmYj/mQUXEqnmEWa9ED0F6iMfQRW4YRbzKhwTduA9H6M2zI6reIRLbkHGO+mQOf/\nv8nMiDzJTN3tf/oHWgxmDa4X6cAhSZVpYI+De2+zHbP/yQA+hPCCAAAjYbuENunw\ne9LtlYgdgL9NQIfEk1JKc/7pfs7Q6Ujb+mQmYSOIGAH0QmD/Irsps9l53vG7HG/d\npFRezhZKo3EaZYpshMGD62gO7f1pBMoUEFSr8Egt6mVNhneZgLQVHFP+ydu19Yb5\nN4FRhHPyGuFqW2BtjyoHqCil1He3Lv3s+CY+MWMsh+nSbqoaLgMH+d5ZscOIJwi3\nkUDAmapbPpnb76RSyiZal6JPcTewzVfEjGQG7wN6PbR1n10HrHYM4rYTnw5pZPc4\np9/9LaBotUuPeVOe6fdJfMg1GSy6mGG3LixZO0hAkDv1aPbjFVRe/67jxwUkcOGd\nlJrlQ+hwdug+b6sjqi9UsKaa/fzJNfcQPsAgm7xuSBEDFTQJFadNaBfV4W4FEt3t\nFEh18MI4ej3v8LQ7ZDKWgniBBOuGd+rflegVWdzVF2FVHqNE3/Pu0/Dwj2H1CHAT\nLGAI0z8j4AinsLgSZSIdAgG9Zk1C0tnUjRca/6YYrYvfaVRhPp+OF9VyS1WWR6eY\nBIsvZcgQ8nV6DkI/Ww2yLw0CAwEAAQ==\n-----END PUBLIC KEY-----\n",
            "rsa_bits": 4096
          },
          "sensitive_attributes": []
        }
      ]
    }
  ]
}
